// !$*UTF8*$!
{
	archiveVersion = 1;
	classes = {
	};
	objectVersion = 50;
	objects = {

/* Begin PBXBuildFile section */
		42779A472670A4760092963E /* FlickerItem.swift in Sources */ = {isa = PBXBuildFile; fileRef = 42779A462670A4760092963E /* FlickerItem.swift */; };
		42779A4A2670C1360092963E /* Constants.swift in Sources */ = {isa = PBXBuildFile; fileRef = 42779A492670C1360092963E /* Constants.swift */; };
		42C26686266FA0C300966C40 /* AppDelegate.swift in Sources */ = {isa = PBXBuildFile; fileRef = 42C26685266FA0C300966C40 /* AppDelegate.swift */; };
		42C26688266FA0C300966C40 /* SceneDelegate.swift in Sources */ = {isa = PBXBuildFile; fileRef = 42C26687266FA0C300966C40 /* SceneDelegate.swift */; };
		42C2668A266FA0C300966C40 /* FlickrView.swift in Sources */ = {isa = PBXBuildFile; fileRef = 42C26689266FA0C300966C40 /* FlickrView.swift */; };
		42C2668C266FA0C600966C40 /* Assets.xcassets in Resources */ = {isa = PBXBuildFile; fileRef = 42C2668B266FA0C600966C40 /* Assets.xcassets */; };
		42C2668F266FA0C600966C40 /* Preview Assets.xcassets in Resources */ = {isa = PBXBuildFile; fileRef = 42C2668E266FA0C600966C40 /* Preview Assets.xcassets */; };
		42C26692266FA0C600966C40 /* LaunchScreen.storyboard in Resources */ = {isa = PBXBuildFile; fileRef = 42C26690266FA0C600966C40 /* LaunchScreen.storyboard */; };
		42C2669B266FA13600966C40 /* Log.swift in Sources */ = {isa = PBXBuildFile; fileRef = 42C2669A266FA13600966C40 /* Log.swift */; };
		42C2669D266FA15500966C40 /* RemoteImageView.swift in Sources */ = {isa = PBXBuildFile; fileRef = 42C2669C266FA15500966C40 /* RemoteImageView.swift */; };
		42C266A0266FA1D900966C40 /* NetworkManager.swift in Sources */ = {isa = PBXBuildFile; fileRef = 42C2669F266FA1D900966C40 /* NetworkManager.swift */; };
		42C266A3266FA1F800966C40 /* Endpoint.swift in Sources */ = {isa = PBXBuildFile; fileRef = 42C266A2266FA1F800966C40 /* Endpoint.swift */; };
		42C266A5266FA20E00966C40 /* FlickrEndpoint.swift in Sources */ = {isa = PBXBuildFile; fileRef = 42C266A4266FA20E00966C40 /* FlickrEndpoint.swift */; };
		42C266A8266FA32D00966C40 /* FlickerResponse.swift in Sources */ = {isa = PBXBuildFile; fileRef = 42C266A7266FA32D00966C40 /* FlickerResponse.swift */; };
		42C266AA266FA34100966C40 /* FlickerResultsPage.swift in Sources */ = {isa = PBXBuildFile; fileRef = 42C266A9266FA34100966C40 /* FlickerResultsPage.swift */; };
		42C266AC266FA35600966C40 /* FlickerPhoto.swift in Sources */ = {isa = PBXBuildFile; fileRef = 42C266AB266FA35600966C40 /* FlickerPhoto.swift */; };
		42C266B0266FA3B100966C40 /* FlickerViewModel.swift in Sources */ = {isa = PBXBuildFile; fileRef = 42C266AF266FA3B100966C40 /* FlickerViewModel.swift */; };
		42C266B2266FA4E800966C40 /* LoadingView.swift in Sources */ = {isa = PBXBuildFile; fileRef = 42C266B1266FA4E800966C40 /* LoadingView.swift */; };
		42FC9FD02674AEE300A5B602 /* AlertItem.swift in Sources */ = {isa = PBXBuildFile; fileRef = 42FC9FCF2674AEE300A5B602 /* AlertItem.swift */; };
/* End PBXBuildFile section */

/* Begin PBXFileReference section */
		42779A462670A4760092963E /* FlickerItem.swift */ = {isa = PBXFileReference; lastKnownFileType = sourcecode.swift; path = FlickerItem.swift; sourceTree = "<group>"; };
		42779A492670C1360092963E /* Constants.swift */ = {isa = PBXFileReference; lastKnownFileType = sourcecode.swift; path = Constants.swift; sourceTree = "<group>"; };
		42C26682266FA0C300966C40 /* Test Project SwiftUI.app */ = {isa = PBXFileReference; explicitFileType = wrapper.application; includeInIndex = 0; path = "Test Project SwiftUI.app"; sourceTree = BUILT_PRODUCTS_DIR; };
		42C26685266FA0C300966C40 /* AppDelegate.swift */ = {isa = PBXFileReference; lastKnownFileType = sourcecode.swift; path = AppDelegate.swift; sourceTree = "<group>"; };
		42C26687266FA0C300966C40 /* SceneDelegate.swift */ = {isa = PBXFileReference; lastKnownFileType = sourcecode.swift; path = SceneDelegate.swift; sourceTree = "<group>"; };
		42C26689266FA0C300966C40 /* FlickrView.swift */ = {isa = PBXFileReference; lastKnownFileType = sourcecode.swift; path = FlickrView.swift; sourceTree = "<group>"; };
		42C2668B266FA0C600966C40 /* Assets.xcassets */ = {isa = PBXFileReference; lastKnownFileType = folder.assetcatalog; path = Assets.xcassets; sourceTree = "<group>"; };
		42C2668E266FA0C600966C40 /* Preview Assets.xcassets */ = {isa = PBXFileReference; lastKnownFileType = folder.assetcatalog; path = "Preview Assets.xcassets"; sourceTree = "<group>"; };
		42C26691266FA0C600966C40 /* Base */ = {isa = PBXFileReference; lastKnownFileType = file.storyboard; name = Base; path = Base.lproj/LaunchScreen.storyboard; sourceTree = "<group>"; };
		42C26693266FA0C600966C40 /* Info.plist */ = {isa = PBXFileReference; lastKnownFileType = text.plist.xml; path = Info.plist; sourceTree = "<group>"; };
		42C2669A266FA13600966C40 /* Log.swift */ = {isa = PBXFileReference; lastKnownFileType = sourcecode.swift; path = Log.swift; sourceTree = "<group>"; };
		42C2669C266FA15500966C40 /* RemoteImageView.swift */ = {isa = PBXFileReference; lastKnownFileType = sourcecode.swift; path = RemoteImageView.swift; sourceTree = "<group>"; };
		42C2669F266FA1D900966C40 /* NetworkManager.swift */ = {isa = PBXFileReference; lastKnownFileType = sourcecode.swift; path = NetworkManager.swift; sourceTree = "<group>"; };
		42C266A2266FA1F800966C40 /* Endpoint.swift */ = {isa = PBXFileReference; lastKnownFileType = sourcecode.swift; path = Endpoint.swift; sourceTree = "<group>"; };
		42C266A4266FA20E00966C40 /* FlickrEndpoint.swift */ = {isa = PBXFileReference; lastKnownFileType = sourcecode.swift; path = FlickrEndpoint.swift; sourceTree = "<group>"; };
		42C266A7266FA32D00966C40 /* FlickerResponse.swift */ = {isa = PBXFileReference; lastKnownFileType = sourcecode.swift; path = FlickerResponse.swift; sourceTree = "<group>"; };
		42C266A9266FA34100966C40 /* FlickerResultsPage.swift */ = {isa = PBXFileReference; lastKnownFileType = sourcecode.swift; path = FlickerResultsPage.swift; sourceTree = "<group>"; };
		42C266AB266FA35600966C40 /* FlickerPhoto.swift */ = {isa = PBXFileReference; lastKnownFileType = sourcecode.swift; path = FlickerPhoto.swift; sourceTree = "<group>"; };
		42C266AF266FA3B100966C40 /* FlickerViewModel.swift */ = {isa = PBXFileReference; lastKnownFileType = sourcecode.swift; path = FlickerViewModel.swift; sourceTree = "<group>"; };
		42C266B1266FA4E800966C40 /* LoadingView.swift */ = {isa = PBXFileReference; lastKnownFileType = sourcecode.swift; path = LoadingView.swift; sourceTree = "<group>"; };
		42FC9FCF2674AEE300A5B602 /* AlertItem.swift */ = {isa = PBXFileReference; lastKnownFileType = sourcecode.swift; path = AlertItem.swift; sourceTree = "<group>"; };
/* End PBXFileReference section */

/* Begin PBXFrameworksBuildPhase section */
		42C2667F266FA0C300966C40 /* Frameworks */ = {
			isa = PBXFrameworksBuildPhase;
			buildActionMask = 2147483647;
			files = (
			);
			runOnlyForDeploymentPostprocessing = 0;
		};
/* End PBXFrameworksBuildPhase section */

/* Begin PBXGroup section */
		42779A482670C1270092963E /* Common */ = {
			isa = PBXGroup;
			children = (
				42779A492670C1360092963E /* Constants.swift */,
			);
			path = Common;
			sourceTree = "<group>";
		};
		42C26679266FA0C300966C40 = {
			isa = PBXGroup;
			children = (
				42C26684266FA0C300966C40 /* Test Project SwiftUI */,
				42C26683266FA0C300966C40 /* Products */,
			);
			sourceTree = "<group>";
		};
		42C26683266FA0C300966C40 /* Products */ = {
			isa = PBXGroup;
			children = (
				42C26682266FA0C300966C40 /* Test Project SwiftUI.app */,
			);
			name = Products;
			sourceTree = "<group>";
		};
		42C26684266FA0C300966C40 /* Test Project SwiftUI */ = {
			isa = PBXGroup;
			children = (
				42779A482670C1270092963E /* Common */,
				42C26699266FA10900966C40 /* Utilities */,
				42C2669E266FA1CB00966C40 /* Network */,
				42C266A1266FA1E800966C40 /* Endpoints */,
				42C266A6266FA31D00966C40 /* Models */,
				42C266AD266FA37800966C40 /* View Model */,
				42C266AE266FA39500966C40 /* Views */,
				42C26685266FA0C300966C40 /* AppDelegate.swift */,
				42C26687266FA0C300966C40 /* SceneDelegate.swift */,
				42C2668B266FA0C600966C40 /* Assets.xcassets */,
				42C26690266FA0C600966C40 /* LaunchScreen.storyboard */,
				42C26693266FA0C600966C40 /* Info.plist */,
				42C2668D266FA0C600966C40 /* Preview Content */,
			);
			path = "Test Project SwiftUI";
			sourceTree = "<group>";
		};
		42C2668D266FA0C600966C40 /* Preview Content */ = {
			isa = PBXGroup;
			children = (
				42C2668E266FA0C600966C40 /* Preview Assets.xcassets */,
			);
			path = "Preview Content";
			sourceTree = "<group>";
		};
		42C26699266FA10900966C40 /* Utilities */ = {
			isa = PBXGroup;
			children = (
				42C2669A266FA13600966C40 /* Log.swift */,
				42FC9FCF2674AEE300A5B602 /* AlertItem.swift */,
				42C2669C266FA15500966C40 /* RemoteImageView.swift */,
			);
			path = Utilities;
			sourceTree = "<group>";
		};
		42C2669E266FA1CB00966C40 /* Network */ = {
			isa = PBXGroup;
			children = (
				42C2669F266FA1D900966C40 /* NetworkManager.swift */,
			);
			path = Network;
			sourceTree = "<group>";
		};
		42C266A1266FA1E800966C40 /* Endpoints */ = {
			isa = PBXGroup;
			children = (
				42C266A2266FA1F800966C40 /* Endpoint.swift */,
				42C266A4266FA20E00966C40 /* FlickrEndpoint.swift */,
			);
			path = Endpoints;
			sourceTree = "<group>";
		};
		42C266A6266FA31D00966C40 /* Models */ = {
			isa = PBXGroup;
			children = (
				42C266A7266FA32D00966C40 /* FlickerResponse.swift */,
				42C266AB266FA35600966C40 /* FlickerPhoto.swift */,
				42C266A9266FA34100966C40 /* FlickerResultsPage.swift */,
			);
			path = Models;
			sourceTree = "<group>";
		};
		42C266AD266FA37800966C40 /* View Model */ = {
			isa = PBXGroup;
			children = (
				42C266AF266FA3B100966C40 /* FlickerViewModel.swift */,
			);
			path = "View Model";
			sourceTree = "<group>";
		};
		42C266AE266FA39500966C40 /* Views */ = {
			isa = PBXGroup;
			children = (
				42C26689266FA0C300966C40 /* FlickrView.swift */,
				42779A462670A4760092963E /* FlickerItem.swift */,
				42C266B1266FA4E800966C40 /* LoadingView.swift */,
			);
			path = Views;
			sourceTree = "<group>";
		};
/* End PBXGroup section */

/* Begin PBXNativeTarget section */
		42C26681266FA0C300966C40 /* Test Project SwiftUI */ = {
			isa = PBXNativeTarget;
			buildConfigurationList = 42C26696266FA0C600966C40 /* Build configuration list for PBXNativeTarget "Test Project SwiftUI" */;
			buildPhases = (
				42C2667E266FA0C300966C40 /* Sources */,
				42C2667F266FA0C300966C40 /* Frameworks */,
				42C26680266FA0C300966C40 /* Resources */,
			);
			buildRules = (
			);
			dependencies = (
			);
			name = "Test Project SwiftUI";
			productName = "Test Project SwiftUI";
			productReference = 42C26682266FA0C300966C40 /* Test Project SwiftUI.app */;
			productType = "com.apple.product-type.application";
		};
/* End PBXNativeTarget section */

/* Begin PBXProject section */
		42C2667A266FA0C300966C40 /* Project object */ = {
			isa = PBXProject;
			attributes = {
				LastSwiftUpdateCheck = 1250;
				LastUpgradeCheck = 1250;
				TargetAttributes = {
					42C26681266FA0C300966C40 = {
						CreatedOnToolsVersion = 12.5;
					};
				};
			};
			buildConfigurationList = 42C2667D266FA0C300966C40 /* Build configuration list for PBXProject "Test Project SwiftUI" */;
			compatibilityVersion = "Xcode 9.3";
			developmentRegion = en;
			hasScannedForEncodings = 0;
			knownRegions = (
				en,
				Base,
			);
			mainGroup = 42C26679266FA0C300966C40;
			productRefGroup = 42C26683266FA0C300966C40 /* Products */;
			projectDirPath = "";
			projectRoot = "";
			targets = (
				42C26681266FA0C300966C40 /* Test Project SwiftUI */,
			);
		};
/* End PBXProject section */

/* Begin PBXResourcesBuildPhase section */
		42C26680266FA0C300966C40 /* Resources */ = {
			isa = PBXResourcesBuildPhase;
			buildActionMask = 2147483647;
			files = (
				42C26692266FA0C600966C40 /* LaunchScreen.storyboard in Resources */,
				42C2668F266FA0C600966C40 /* Preview Assets.xcassets in Resources */,
				42C2668C266FA0C600966C40 /* Assets.xcassets in Resources */,
			);
			runOnlyForDeploymentPostprocessing = 0;
		};
/* End PBXResourcesBuildPhase section */

/* Begin PBXSourcesBuildPhase section */
		42C2667E266FA0C300966C40 /* Sources */ = {
			isa = PBXSourcesBuildPhase;
			buildActionMask = 2147483647;
			files = (
				42C266A3266FA1F800966C40 /* Endpoint.swift in Sources */,
				42FC9FD02674AEE300A5B602 /* AlertItem.swift in Sources */,
				42C266A0266FA1D900966C40 /* NetworkManager.swift in Sources */,
				42C26686266FA0C300966C40 /* AppDelegate.swift in Sources */,
				42C266A5266FA20E00966C40 /* FlickrEndpoint.swift in Sources */,
				42C266AC266FA35600966C40 /* FlickerPhoto.swift in Sources */,
				42779A4A2670C1360092963E /* Constants.swift in Sources */,
				42C26688266FA0C300966C40 /* SceneDelegate.swift in Sources */,
				42C2669B266FA13600966C40 /* Log.swift in Sources */,
				42779A472670A4760092963E /* FlickerItem.swift in Sources */,
				42C2669D266FA15500966C40 /* RemoteImageView.swift in Sources */,
				42C266A8266FA32D00966C40 /* FlickerResponse.swift in Sources */,
				42C266B0266FA3B100966C40 /* FlickerViewModel.swift in Sources */,
				42C266AA266FA34100966C40 /* FlickerResultsPage.swift in Sources */,
				42C266B2266FA4E800966C40 /* LoadingView.swift in Sources */,
				42C2668A266FA0C300966C40 /* FlickrView.swift in Sources */,
			);
			runOnlyForDeploymentPostprocessing = 0;
		};
/* End PBXSourcesBuildPhase section */

/* Begin PBXVariantGroup section */
		42C26690266FA0C600966C40 /* LaunchScreen.storyboard */ = {
			isa = PBXVariantGroup;
			children = (
				42C26691266FA0C600966C40 /* Base */,
			);
			name = LaunchScreen.storyboard;
			sourceTree = "<group>";
		};
/* End PBXVariantGroup section */

/* Begin XCBuildConfiguration section */
		42C26694266FA0C600966C40 /* Debug */ = {
			isa = XCBuildConfiguration;
			buildSettings = {
				ALWAYS_SEARCH_USER_PATHS = NO;
				CLANG_ANALYZER_NONNULL = YES;
				CLANG_ANALYZER_NUMBER_OBJECT_CONVERSION = YES_AGGRESSIVE;
				CLANG_CXX_LANGUAGE_STANDARD = "gnu++14";
				CLANG_CXX_LIBRARY = "libc++";
				CLANG_ENABLE_MODULES = YES;
				CLANG_ENABLE_OBJC_ARC = YES;
				CLANG_ENABLE_OBJC_WEAK = YES;
				CLANG_WARN_BLOCK_CAPTURE_AUTORELEASING = YES;
				CLANG_WARN_BOOL_CONVERSION = YES;
				CLANG_WARN_COMMA = YES;
				CLANG_WARN_CONSTANT_CONVERSION = YES;
				CLANG_WARN_DEPRECATED_OBJC_IMPLEMENTATIONS = YES;
				CLANG_WARN_DIRECT_OBJC_ISA_USAGE = YES_ERROR;
				CLANG_WARN_DOCUMENTATION_COMMENTS = YES;
				CLANG_WARN_EMPTY_BODY = YES;
				CLANG_WARN_ENUM_CONVERSION = YES;
				CLANG_WARN_INFINITE_RECURSION = YES;
				CLANG_WARN_INT_CONVERSION = YES;
				CLANG_WARN_NON_LITERAL_NULL_CONVERSION = YES;
				CLANG_WARN_OBJC_IMPLICIT_RETAIN_SELF = YES;
				CLANG_WARN_OBJC_LITERAL_CONVERSION = YES;
				CLANG_WARN_OBJC_ROOT_CLASS = YES_ERROR;
				CLANG_WARN_QUOTED_INCLUDE_IN_FRAMEWORK_HEADER = YES;
				CLANG_WARN_RANGE_LOOP_ANALYSIS = YES;
				CLANG_WARN_STRICT_PROTOTYPES = YES;
				CLANG_WARN_SUSPICIOUS_MOVE = YES;
				CLANG_WARN_UNGUARDED_AVAILABILITY = YES_AGGRESSIVE;
				CLANG_WARN_UNREACHABLE_CODE = YES;
				CLANG_WARN__DUPLICATE_METHOD_MATCH = YES;
				COPY_PHASE_STRIP = NO;
				DEBUG_INFORMATION_FORMAT = dwarf;
				ENABLE_STRICT_OBJC_MSGSEND = YES;
				ENABLE_TESTABILITY = YES;
				GCC_C_LANGUAGE_STANDARD = gnu11;
				GCC_DYNAMIC_NO_PIC = NO;
				GCC_NO_COMMON_BLOCKS = YES;
				GCC_OPTIMIZATION_LEVEL = 0;
				GCC_PREPROCESSOR_DEFINITIONS = (
					"DEBUG=1",
					"$(inherited)",
				);
				GCC_WARN_64_TO_32_BIT_CONVERSION = YES;
				GCC_WARN_ABOUT_RETURN_TYPE = YES_ERROR;
				GCC_WARN_UNDECLARED_SELECTOR = YES;
				GCC_WARN_UNINITIALIZED_AUTOS = YES_AGGRESSIVE;
				GCC_WARN_UNUSED_FUNCTION = YES;
				GCC_WARN_UNUSED_VARIABLE = YES;
				IPHONEOS_DEPLOYMENT_TARGET = 14.5;
				MTL_ENABLE_DEBUG_INFO = INCLUDE_SOURCE;
				MTL_FAST_MATH = YES;
				ONLY_ACTIVE_ARCH = YES;
				SDKROOT = iphoneos;
				SWIFT_ACTIVE_COMPILATION_CONDITIONS = DEBUG;
				SWIFT_OPTIMIZATION_LEVEL = "-Onone";
			};
			name = Debug;
		};
		42C26695266FA0C600966C40 /* Release */ = {
			isa = XCBuildConfiguration;
			buildSettings = {
				ALWAYS_SEARCH_USER_PATHS = NO;
				CLANG_ANALYZER_NONNULL = YES;
				CLANG_ANALYZER_NUMBER_OBJECT_CONVERSION = YES_AGGRESSIVE;
				CLANG_CXX_LANGUAGE_STANDARD = "gnu++14";
				CLANG_CXX_LIBRARY = "libc++";
				CLANG_ENABLE_MODULES = YES;
				CLANG_ENABLE_OBJC_ARC = YES;
				CLANG_ENABLE_OBJC_WEAK = YES;
				CLANG_WARN_BLOCK_CAPTURE_AUTORELEASING = YES;
				CLANG_WARN_BOOL_CONVERSION = YES;
				CLANG_WARN_COMMA = YES;
				CLANG_WARN_CONSTANT_CONVERSION = YES;
				CLANG_WARN_DEPRECATED_OBJC_IMPLEMENTATIONS = YES;
				CLANG_WARN_DIRECT_OBJC_ISA_USAGE = YES_ERROR;
				CLANG_WARN_DOCUMENTATION_COMMENTS = YES;
				CLANG_WARN_EMPTY_BODY = YES;
				CLANG_WARN_ENUM_CONVERSION = YES;
				CLANG_WARN_INFINITE_RECURSION = YES;
				CLANG_WARN_INT_CONVERSION = YES;
				CLANG_WARN_NON_LITERAL_NULL_CONVERSION = YES;
				CLANG_WARN_OBJC_IMPLICIT_RETAIN_SELF = YES;
				CLANG_WARN_OBJC_LITERAL_CONVERSION = YES;
				CLANG_WARN_OBJC_ROOT_CLASS = YES_ERROR;
				CLANG_WARN_QUOTED_INCLUDE_IN_FRAMEWORK_HEADER = YES;
				CLANG_WARN_RANGE_LOOP_ANALYSIS = YES;
				CLANG_WARN_STRICT_PROTOTYPES = YES;
				CLANG_WARN_SUSPICIOUS_MOVE = YES;
				CLANG_WARN_UNGUARDED_AVAILABILITY = YES_AGGRESSIVE;
				CLANG_WARN_UNREACHABLE_CODE = YES;
				CLANG_WARN__DUPLICATE_METHOD_MATCH = YES;
				COPY_PHASE_STRIP = NO;
				DEBUG_INFORMATION_FORMAT = "dwarf-with-dsym";
				ENABLE_NS_ASSERTIONS = NO;
				ENABLE_STRICT_OBJC_MSGSEND = YES;
				GCC_C_LANGUAGE_STANDARD = gnu11;
				GCC_NO_COMMON_BLOCKS = YES;
				GCC_WARN_64_TO_32_BIT_CONVERSION = YES;
				GCC_WARN_ABOUT_RETURN_TYPE = YES_ERROR;
				GCC_WARN_UNDECLARED_SELECTOR = YES;
				GCC_WARN_UNINITIALIZED_AUTOS = YES_AGGRESSIVE;
				GCC_WARN_UNUSED_FUNCTION = YES;
				GCC_WARN_UNUSED_VARIABLE = YES;
				IPHONEOS_DEPLOYMENT_TARGET = 14.5;
				MTL_ENABLE_DEBUG_INFO = NO;
				MTL_FAST_MATH = YES;
				SDKROOT = iphoneos;
				SWIFT_COMPILATION_MODE = wholemodule;
				SWIFT_OPTIMIZATION_LEVEL = "-O";
				VALIDATE_PRODUCT = YES;
			};
			name = Release;
		};
		42C26697266FA0C600966C40 /* Debug */ = {
			isa = XCBuildConfiguration;
			buildSettings = {
				ASSETCATALOG_COMPILER_APPICON_NAME = AppIcon;
				ASSETCATALOG_COMPILER_GLOBAL_ACCENT_COLOR_NAME = AccentColor;
				CODE_SIGN_STYLE = Automatic;
				DEVELOPMENT_ASSET_PATHS = "\"Test Project SwiftUI/Preview Content\"";
				DEVELOPMENT_TEAM = 3WWP3Y6T95;
				ENABLE_PREVIEWS = YES;
				INFOPLIST_FILE = "Test Project SwiftUI/Info.plist";
				LD_RUNPATH_SEARCH_PATHS = (
					"$(inherited)",
					"@executable_path/Frameworks",
				);
				PRODUCT_BUNDLE_IDENTIFIER = "com.Test-Project-SwiftUI";
				PRODUCT_NAME = "$(TARGET_NAME)";
				SWIFT_VERSION = 5.0;
				TARGETED_DEVICE_FAMILY = "1,2";
			};
			name = Debug;
		};
		42C26698266FA0C600966C40 /* Release */ = {
			isa = XCBuildConfiguration;
			buildSettings = {
				ASSETCATALOG_COMPILER_APPICON_NAME = AppIcon;
				ASSETCATALOG_COMPILER_GLOBAL_ACCENT_COLOR_NAME = AccentColor;
				CODE_SIGN_STYLE = Automatic;
				DEVELOPMENT_ASSET_PATHS = "\"Test Project SwiftUI/Preview Content\"";
				DEVELOPMENT_TEAM = 3WWP3Y6T95;
				ENABLE_PREVIEWS = YES;
				INFOPLIST_FILE = "Test Project SwiftUI/Info.plist";
				LD_RUNPATH_SEARCH_PATHS = (
					"$(inherited)",
					"@executable_path/Frameworks",
				);
				PRODUCT_BUNDLE_IDENTIFIER = "com.Test-Project-SwiftUI";
				PRODUCT_NAME = "$(TARGET_NAME)";
				SWIFT_VERSION = 5.0;
				TARGETED_DEVICE_FAMILY = "1,2";
			};
			name = Release;
		};
/* End XCBuildConfiguration section */

/* Begin XCConfigurationList section */
		42C2667D266FA0C300966C40 /* Build configuration list for PBXProject "Test Project SwiftUI" */ = {
			isa = XCConfigurationList;
			buildConfigurations = (
				42C26694266FA0C600966C40 /* Debug */,
				42C26695266FA0C600966C40 /* Release */,
			);
			defaultConfigurationIsVisible = 0;
			defaultConfigurationName = Release;
		};
		42C26696266FA0C600966C40 /* Build configuration list for PBXNativeTarget "Test Project SwiftUI" */ = {
			isa = XCConfigurationList;
			buildConfigurations = (
				42C26697266FA0C600966C40 /* Debug */,
				42C26698266FA0C600966C40 /* Release */,
			);
			defaultConfigurationIsVisible = 0;
			defaultConfigurationName = Release;
		};
/* End XCConfigurationList section */
	};
	rootObject = 42C2667A266FA0C300966C40 /* Project object */;
}
